{
  "requires": true,
  "lockfileVersion": 1,
  "dependencies": {
    "@zerollup/ts-helpers": {
      "version": "1.7.0",
      "resolved": "https://registry.npmjs.org/@zerollup/ts-helpers/-/ts-helpers-1.7.0.tgz",
      "integrity": "sha512-Nr5taViAcvl4uo41/vlXcyDoLrEKiJUJkk4jN/WUzCyHZC5In6pGFK7WpYabwi67wxWn2Na6OV8oBtbFpqKUXw==",
      "requires": {
        "resolve": "^1.8.1"
      }
    },
    "@zerollup/ts-transform-paths": {
      "version": "1.7.1",
      "resolved": "https://registry.npmjs.org/@zerollup/ts-transform-paths/-/ts-transform-paths-1.7.1.tgz",
      "integrity": "sha512-+xvxinMwYsAF6Fd11fYV2r9J7CUjEqJ0xroB3G3wERL9CazrxROoHUy13ZYuUxqum+5HJCw4HStIPetjjhdeoA==",
      "requires": {
        "@zerollup/ts-helpers": "^1.7.0"
      }
    },
    "path-parse": {
      "version": "1.0.6",
      "resolved": "https://registry.npmjs.org/path-parse/-/path-parse-1.0.6.tgz",
      "integrity": "sha512-GSmOT2EbHrINBf9SR7CDELwlJ8AENk3Qn7OikK4nFYAu3Ote2+JYNVvkpAEQm3/TLNEJFD/xZJjzyxg3KBWOzw=="
    },
    "resolve": {
      "version": "1.10.0",
      "resolved": "https://registry.npmjs.org/resolve/-/resolve-1.10.0.tgz",
      "integrity": "sha512-3sUr9aq5OfSg2S9pNtPA9hL1FVEAjvfOC4leW0SNf/mpnaakz2a9femSd6LqAww2RaFctwyf1lCqnTHuF1rxDg==",
      "requires": {
        "path-parse": "^1.0.6"
      }
    },
    "typescript": {
      "version": "3.4.3",
      "resolved": "https://registry.npmjs.org/typescript/-/typescript-3.4.3.tgz",
      "integrity": "sha512-FFgHdPt4T/duxx6Ndf7hwgMZZjZpB+U0nMNGVCYPq0rEzWKjEDobm4J6yb3CS7naZ0yURFqdw9Gwc7UOh/P9oQ=="
    }
  }
}
